
Microsoft Visual Studio Solution File, Format Version 11.00
# Visual Studio 2010
# SharpDevelop 4.2.2.8818
Project("{2150E333-8FDC-42A3-9474-1A3956D46DE8}") = "CPU", "CPU", "{24C4AFAC-39A5-47B6-9E0A-41703265DFAC}"
	ProjectSection(SolutionItems) = postProject
	EndProjectSection
EndProject
Project("{FAE04EC0-301F-11D3-BF4B-00C04F79EFBC}") = "CPU.Chip8", "CPU\CPU.Chip8\CPU.Chip8.csproj", "{B9A36969-43DA-4EA5-9EC8-18955FB03B08}"
EndProject
Project("{FAE04EC0-301F-11D3-BF4B-00C04F79EFBC}") = "CPU.Base", "CPU\CPU.Base\CPU.Base.csproj", "{5FF4A9D1-D9B8-4372-80EF-0547B99FD600}"
EndProject
Project("{2150E333-8FDC-42A3-9474-1A3956D46DE8}") = "Video", "Video", "{B44799CF-C5F4-489C-B528-C73B4D9D7FC6}"
	ProjectSection(SolutionItems) = postProject
	EndProjectSection
EndProject
Project("{FAE04EC0-301F-11D3-BF4B-00C04F79EFBC}") = "Video.Base", "Video\Video.Base\Video.Base.csproj", "{F45CC884-F06B-42D8-ACD9-49A84921FCFB}"
EndProject
Project("{FAE04EC0-301F-11D3-BF4B-00C04F79EFBC}") = "Video.Chip8", "Video\Video.Chip8\Video.Chip8.csproj", "{0C44CB2B-82F1-4759-9B71-9FA25A5E0471}"
EndProject
Project("{2150E333-8FDC-42A3-9474-1A3956D46DE8}") = "Machine", "Machine", "{C970A632-E906-4D5A-ACF6-CD6D1C464E8B}"
	ProjectSection(SolutionItems) = postProject
	EndProjectSection
EndProject
Project("{FAE04EC0-301F-11D3-BF4B-00C04F79EFBC}") = "Machine.Base", "Machine\Machine.Base\Machine.Base.csproj", "{6861530C-932A-4E40-8E37-F45C7CAB8A61}"
EndProject
Project("{FAE04EC0-301F-11D3-BF4B-00C04F79EFBC}") = "Machine.Chip8", "Machine\Machine.Chip8\Machine.Chip8.csproj", "{EF514086-7F1B-4036-91D9-BEB7F6B01424}"
EndProject
Project("{2150E333-8FDC-42A3-9474-1A3956D46DE8}") = "Memory", "Memory", "{85D4624C-54C1-4025-A290-4AF449F71DB5}"
	ProjectSection(SolutionItems) = postProject
	EndProjectSection
EndProject
Project("{FAE04EC0-301F-11D3-BF4B-00C04F79EFBC}") = "Memory.Base", "Memory\Memory.Base\Memory.Base.csproj", "{3C3673A3-E59E-46EC-A4C7-FC68A430EF34}"
EndProject
Project("{FAE04EC0-301F-11D3-BF4B-00C04F79EFBC}") = "Memory.Chip8", "Memory\Memory.Chip8\Memory.Chip8.csproj", "{C23FB55A-B6F0-4575-A082-CC988E1BC20A}"
EndProject
Project("{FAE04EC0-301F-11D3-BF4B-00C04F79EFBC}") = "Emunator", "Emunator\Emunator.csproj", "{AF85776D-7D25-4720-8BC4-FA415F55A812}"
EndProject
Project("{FAE04EC0-301F-11D3-BF4B-00C04F79EFBC}") = "Display", "Display\Display.csproj", "{82F51B22-1B83-4BF9-9416-2C2B2BF7954E}"
EndProject
Project("{FAE04EC0-301F-11D3-BF4B-00C04F79EFBC}") = "SharpChip8", "example chip8\SharpChip8\SharpChip8.csproj", "{94F8717B-0C84-4C3C-B904-101F7D2383DB}"
EndProject
Project("{FAE04EC0-301F-11D3-BF4B-00C04F79EFBC}") = "SharpChip-8-wf", "example chip8\SharpChip8-wf\SharpChip-8-wf.csproj", "{276308E6-1E43-426B-B2BD-4CDFA8E880D1}"
EndProject
Project("{FAE04EC0-301F-11D3-BF4B-00C04F79EFBC}") = "Core", "Core\Core.csproj", "{943F9711-92BC-42BE-A558-C364A29E70D8}"
EndProject
Global
	GlobalSection(SolutionConfigurationPlatforms) = preSolution
		Debug|x86 = Debug|x86
		Release|x86 = Release|x86
		Debug|Any CPU = Debug|Any CPU
		Release|Any CPU = Release|Any CPU
	EndGlobalSection
	GlobalSection(ProjectConfigurationPlatforms) = postSolution
		{AF85776D-7D25-4720-8BC4-FA415F55A812}.Debug|x86.Build.0 = Debug|x86
		{AF85776D-7D25-4720-8BC4-FA415F55A812}.Debug|x86.ActiveCfg = Debug|x86
		{AF85776D-7D25-4720-8BC4-FA415F55A812}.Release|x86.Build.0 = Release|x86
		{AF85776D-7D25-4720-8BC4-FA415F55A812}.Release|x86.ActiveCfg = Release|x86
		{B9A36969-43DA-4EA5-9EC8-18955FB03B08}.Debug|x86.Build.0 = Debug|x86
		{B9A36969-43DA-4EA5-9EC8-18955FB03B08}.Debug|x86.ActiveCfg = Debug|x86
		{B9A36969-43DA-4EA5-9EC8-18955FB03B08}.Release|x86.Build.0 = Release|x86
		{B9A36969-43DA-4EA5-9EC8-18955FB03B08}.Release|x86.ActiveCfg = Release|x86
		{5FF4A9D1-D9B8-4372-80EF-0547B99FD600}.Debug|x86.Build.0 = Debug|x86
		{5FF4A9D1-D9B8-4372-80EF-0547B99FD600}.Debug|x86.ActiveCfg = Debug|x86
		{5FF4A9D1-D9B8-4372-80EF-0547B99FD600}.Release|x86.Build.0 = Release|x86
		{5FF4A9D1-D9B8-4372-80EF-0547B99FD600}.Release|x86.ActiveCfg = Release|x86
		{F45CC884-F06B-42D8-ACD9-49A84921FCFB}.Debug|x86.Build.0 = Debug|x86
		{F45CC884-F06B-42D8-ACD9-49A84921FCFB}.Debug|x86.ActiveCfg = Debug|x86
		{F45CC884-F06B-42D8-ACD9-49A84921FCFB}.Release|x86.Build.0 = Release|x86
		{F45CC884-F06B-42D8-ACD9-49A84921FCFB}.Release|x86.ActiveCfg = Release|x86
		{82F51B22-1B83-4BF9-9416-2C2B2BF7954E}.Debug|x86.Build.0 = Debug|x86
		{82F51B22-1B83-4BF9-9416-2C2B2BF7954E}.Debug|x86.ActiveCfg = Debug|x86
		{82F51B22-1B83-4BF9-9416-2C2B2BF7954E}.Release|x86.Build.0 = Release|x86
		{82F51B22-1B83-4BF9-9416-2C2B2BF7954E}.Release|x86.ActiveCfg = Release|x86
		{6861530C-932A-4E40-8E37-F45C7CAB8A61}.Debug|x86.Build.0 = Debug|x86
		{6861530C-932A-4E40-8E37-F45C7CAB8A61}.Debug|x86.ActiveCfg = Debug|x86
		{6861530C-932A-4E40-8E37-F45C7CAB8A61}.Release|x86.Build.0 = Release|x86
		{6861530C-932A-4E40-8E37-F45C7CAB8A61}.Release|x86.ActiveCfg = Release|x86
		{94F8717B-0C84-4C3C-B904-101F7D2383DB}.Debug|x86.Build.0 = Debug|Any CPU
		{94F8717B-0C84-4C3C-B904-101F7D2383DB}.Debug|x86.ActiveCfg = Debug|Any CPU
		{94F8717B-0C84-4C3C-B904-101F7D2383DB}.Debug|Any CPU.Build.0 = Debug|Any CPU
		{94F8717B-0C84-4C3C-B904-101F7D2383DB}.Debug|Any CPU.ActiveCfg = Debug|Any CPU
		{94F8717B-0C84-4C3C-B904-101F7D2383DB}.Release|x86.Build.0 = Release|Any CPU
		{94F8717B-0C84-4C3C-B904-101F7D2383DB}.Release|x86.ActiveCfg = Release|Any CPU
		{94F8717B-0C84-4C3C-B904-101F7D2383DB}.Release|Any CPU.Build.0 = Release|Any CPU
		{94F8717B-0C84-4C3C-B904-101F7D2383DB}.Release|Any CPU.ActiveCfg = Release|Any CPU
		{276308E6-1E43-426B-B2BD-4CDFA8E880D1}.Debug|x86.Build.0 = Debug|x86
		{276308E6-1E43-426B-B2BD-4CDFA8E880D1}.Debug|x86.ActiveCfg = Debug|x86
		{276308E6-1E43-426B-B2BD-4CDFA8E880D1}.Debug|Any CPU.Build.0 = Debug|x86
		{276308E6-1E43-426B-B2BD-4CDFA8E880D1}.Debug|Any CPU.ActiveCfg = Debug|x86
		{276308E6-1E43-426B-B2BD-4CDFA8E880D1}.Release|x86.Build.0 = Release|x86
		{276308E6-1E43-426B-B2BD-4CDFA8E880D1}.Release|x86.ActiveCfg = Release|x86
		{276308E6-1E43-426B-B2BD-4CDFA8E880D1}.Release|Any CPU.Build.0 = Release|x86
		{276308E6-1E43-426B-B2BD-4CDFA8E880D1}.Release|Any CPU.ActiveCfg = Release|x86
		{3C3673A3-E59E-46EC-A4C7-FC68A430EF34}.Debug|x86.Build.0 = Debug|x86
		{3C3673A3-E59E-46EC-A4C7-FC68A430EF34}.Debug|x86.ActiveCfg = Debug|x86
		{3C3673A3-E59E-46EC-A4C7-FC68A430EF34}.Debug|Any CPU.Build.0 = Debug|x86
		{3C3673A3-E59E-46EC-A4C7-FC68A430EF34}.Debug|Any CPU.ActiveCfg = Debug|x86
		{3C3673A3-E59E-46EC-A4C7-FC68A430EF34}.Release|x86.Build.0 = Release|x86
		{3C3673A3-E59E-46EC-A4C7-FC68A430EF34}.Release|x86.ActiveCfg = Release|x86
		{3C3673A3-E59E-46EC-A4C7-FC68A430EF34}.Release|Any CPU.Build.0 = Release|x86
		{3C3673A3-E59E-46EC-A4C7-FC68A430EF34}.Release|Any CPU.ActiveCfg = Release|x86
		{C23FB55A-B6F0-4575-A082-CC988E1BC20A}.Debug|x86.Build.0 = Debug|x86
		{C23FB55A-B6F0-4575-A082-CC988E1BC20A}.Debug|x86.ActiveCfg = Debug|x86
		{C23FB55A-B6F0-4575-A082-CC988E1BC20A}.Debug|Any CPU.Build.0 = Debug|x86
		{C23FB55A-B6F0-4575-A082-CC988E1BC20A}.Debug|Any CPU.ActiveCfg = Debug|x86
		{C23FB55A-B6F0-4575-A082-CC988E1BC20A}.Release|x86.Build.0 = Release|x86
		{C23FB55A-B6F0-4575-A082-CC988E1BC20A}.Release|x86.ActiveCfg = Release|x86
		{C23FB55A-B6F0-4575-A082-CC988E1BC20A}.Release|Any CPU.Build.0 = Release|x86
		{C23FB55A-B6F0-4575-A082-CC988E1BC20A}.Release|Any CPU.ActiveCfg = Release|x86
		{943F9711-92BC-42BE-A558-C364A29E70D8}.Debug|x86.Build.0 = Debug|x86
		{943F9711-92BC-42BE-A558-C364A29E70D8}.Debug|x86.ActiveCfg = Debug|x86
		{943F9711-92BC-42BE-A558-C364A29E70D8}.Debug|Any CPU.Build.0 = Debug|x86
		{943F9711-92BC-42BE-A558-C364A29E70D8}.Debug|Any CPU.ActiveCfg = Debug|x86
		{943F9711-92BC-42BE-A558-C364A29E70D8}.Release|x86.Build.0 = Release|x86
		{943F9711-92BC-42BE-A558-C364A29E70D8}.Release|x86.ActiveCfg = Release|x86
		{943F9711-92BC-42BE-A558-C364A29E70D8}.Release|Any CPU.Build.0 = Release|x86
		{943F9711-92BC-42BE-A558-C364A29E70D8}.Release|Any CPU.ActiveCfg = Release|x86
		{0C44CB2B-82F1-4759-9B71-9FA25A5E0471}.Debug|x86.Build.0 = Debug|x86
		{0C44CB2B-82F1-4759-9B71-9FA25A5E0471}.Debug|x86.ActiveCfg = Debug|x86
		{0C44CB2B-82F1-4759-9B71-9FA25A5E0471}.Debug|Any CPU.Build.0 = Debug|x86
		{0C44CB2B-82F1-4759-9B71-9FA25A5E0471}.Debug|Any CPU.ActiveCfg = Debug|x86
		{0C44CB2B-82F1-4759-9B71-9FA25A5E0471}.Release|x86.Build.0 = Release|x86
		{0C44CB2B-82F1-4759-9B71-9FA25A5E0471}.Release|x86.ActiveCfg = Release|x86
		{0C44CB2B-82F1-4759-9B71-9FA25A5E0471}.Release|Any CPU.Build.0 = Release|x86
		{0C44CB2B-82F1-4759-9B71-9FA25A5E0471}.Release|Any CPU.ActiveCfg = Release|x86
		{EF514086-7F1B-4036-91D9-BEB7F6B01424}.Debug|x86.Build.0 = Debug|x86
		{EF514086-7F1B-4036-91D9-BEB7F6B01424}.Debug|x86.ActiveCfg = Debug|x86
		{EF514086-7F1B-4036-91D9-BEB7F6B01424}.Debug|Any CPU.Build.0 = Debug|x86
		{EF514086-7F1B-4036-91D9-BEB7F6B01424}.Debug|Any CPU.ActiveCfg = Debug|x86
		{EF514086-7F1B-4036-91D9-BEB7F6B01424}.Release|x86.Build.0 = Release|x86
		{EF514086-7F1B-4036-91D9-BEB7F6B01424}.Release|x86.ActiveCfg = Release|x86
		{EF514086-7F1B-4036-91D9-BEB7F6B01424}.Release|Any CPU.Build.0 = Release|x86
		{EF514086-7F1B-4036-91D9-BEB7F6B01424}.Release|Any CPU.ActiveCfg = Release|x86
	EndGlobalSection
	GlobalSection(NestedProjects) = preSolution
		{B9A36969-43DA-4EA5-9EC8-18955FB03B08} = {24C4AFAC-39A5-47B6-9E0A-41703265DFAC}
		{5FF4A9D1-D9B8-4372-80EF-0547B99FD600} = {24C4AFAC-39A5-47B6-9E0A-41703265DFAC}
		{F45CC884-F06B-42D8-ACD9-49A84921FCFB} = {B44799CF-C5F4-489C-B528-C73B4D9D7FC6}
		{0C44CB2B-82F1-4759-9B71-9FA25A5E0471} = {B44799CF-C5F4-489C-B528-C73B4D9D7FC6}
		{6861530C-932A-4E40-8E37-F45C7CAB8A61} = {C970A632-E906-4D5A-ACF6-CD6D1C464E8B}
		{EF514086-7F1B-4036-91D9-BEB7F6B01424} = {C970A632-E906-4D5A-ACF6-CD6D1C464E8B}
		{3C3673A3-E59E-46EC-A4C7-FC68A430EF34} = {85D4624C-54C1-4025-A290-4AF449F71DB5}
		{C23FB55A-B6F0-4575-A082-CC988E1BC20A} = {85D4624C-54C1-4025-A290-4AF449F71DB5}
	EndGlobalSection
EndGlobal
