
Microsoft Visual Studio Solution File, Format Version 11.00
# Visual Studio 2010
# SharpDevelop 4.2.2.8818
Project("{2150E333-8FDC-42A3-9474-1A3956D46DE8}") = "CPU", "CPU", "{24C4AFAC-39A5-47B6-9E0A-41703265DFAC}"
	ProjectSection(SolutionItems) = postProject
	EndProjectSection
EndProject
Project("{FAE04EC0-301F-11D3-BF4B-00C04F79EFBC}") = "CPU.Chip8", "CPU\CPU.Chip8\CPU.Chip8.csproj", "{B9A36969-43DA-4EA5-9EC8-18955FB03B08}"
EndProject
Project("{FAE04EC0-301F-11D3-BF4B-00C04F79EFBC}") = "CPU.Base", "CPU\CPU.Base\CPU.Base.csproj", "{5FF4A9D1-D9B8-4372-80EF-0547B99FD600}"
EndProject
Project("{FAE04EC0-301F-11D3-BF4B-00C04F79EFBC}") = "CPU.6502", "CPU\CPU.6502\CPU.6502.csproj", "{4D7293B3-327A-4240-8960-E8A7DECB2F4B}"
EndProject
Project("{2150E333-8FDC-42A3-9474-1A3956D46DE8}") = "Video", "Video", "{B44799CF-C5F4-489C-B528-C73B4D9D7FC6}"
	ProjectSection(SolutionItems) = postProject
	EndProjectSection
EndProject
Project("{FAE04EC0-301F-11D3-BF4B-00C04F79EFBC}") = "Video.Base", "Video\Video.Base\Video.Base.csproj", "{F45CC884-F06B-42D8-ACD9-49A84921FCFB}"
EndProject
Project("{FAE04EC0-301F-11D3-BF4B-00C04F79EFBC}") = "Video.Chip8", "Video\Video.Chip8\Video.Chip8.csproj", "{0C44CB2B-82F1-4759-9B71-9FA25A5E0471}"
EndProject
Project("{2150E333-8FDC-42A3-9474-1A3956D46DE8}") = "Machine", "Machine", "{C970A632-E906-4D5A-ACF6-CD6D1C464E8B}"
	ProjectSection(SolutionItems) = postProject
	EndProjectSection
EndProject
Project("{FAE04EC0-301F-11D3-BF4B-00C04F79EFBC}") = "Machine.Base", "Machine\Machine.Base\Machine.Base.csproj", "{6861530C-932A-4E40-8E37-F45C7CAB8A61}"
EndProject
Project("{FAE04EC0-301F-11D3-BF4B-00C04F79EFBC}") = "Machine.Chip8", "Machine\Machine.Chip8\Machine.Chip8.csproj", "{EF514086-7F1B-4036-91D9-BEB7F6B01424}"
EndProject
Project("{2150E333-8FDC-42A3-9474-1A3956D46DE8}") = "Memory", "Memory", "{85D4624C-54C1-4025-A290-4AF449F71DB5}"
	ProjectSection(SolutionItems) = postProject
	EndProjectSection
EndProject
Project("{FAE04EC0-301F-11D3-BF4B-00C04F79EFBC}") = "Memory.Base", "Memory\Memory.Base\Memory.Base.csproj", "{3C3673A3-E59E-46EC-A4C7-FC68A430EF34}"
EndProject
Project("{FAE04EC0-301F-11D3-BF4B-00C04F79EFBC}") = "Memory.Chip8", "Memory\Memory.Chip8\Memory.Chip8.csproj", "{C23FB55A-B6F0-4575-A082-CC988E1BC20A}"
EndProject
Project("{2150E333-8FDC-42A3-9474-1A3956D46DE8}") = "Display", "Display", "{3A1A5510-99AE-438D-A91C-9124C287E8A2}"
	ProjectSection(SolutionItems) = postProject
	EndProjectSection
EndProject
Project("{FAE04EC0-301F-11D3-BF4B-00C04F79EFBC}") = "Display.Base", "Display\Display.Base\Display.Base.csproj", "{912701EF-767E-4E73-A4F3-128645712D27}"
EndProject
Project("{FAE04EC0-301F-11D3-BF4B-00C04F79EFBC}") = "Display.Raster", "Display\Display.Raster\Display.Raster.csproj", "{CDF7B856-8F30-455D-B705-287DF63CF7F7}"
EndProject
Project("{2150E333-8FDC-42A3-9474-1A3956D46DE8}") = "Tools", "Tools", "{1BC3C15D-4019-403A-976C-AB417B72A924}"
	ProjectSection(SolutionItems) = postProject
	EndProjectSection
EndProject
Project("{2150E333-8FDC-42A3-9474-1A3956D46DE8}") = "Be.HexEditor Lib", "Be.HexEditor Lib", "{90110DC5-006E-4E10-9A67-0483D0742102}"
	ProjectSection(SolutionItems) = postProject
	EndProjectSection
EndProject
Project("{FAE04EC0-301F-11D3-BF4B-00C04F79EFBC}") = "Be.HexEditor", "Tools\Be.HexEditor Lib\Be.HexEditor\Be.HexEditor.csproj", "{FF4ADB46-210E-429E-9176-68613F5CBE90}"
EndProject
Project("{FAE04EC0-301F-11D3-BF4B-00C04F79EFBC}") = "Be.Windows.Forms.HexBox", "Tools\Be.HexEditor Lib\Be.Windows.Forms.HexBox\Be.Windows.Forms.HexBox.csproj", "{26C5F25F-B450-4CAF-AD8B-B8D11AE73457}"
EndProject
Project("{FAE04EC0-301F-11D3-BF4B-00C04F79EFBC}") = "Debugger", "Tools\Debugger\Debugger.csproj", "{E36DE0D1-C73B-4B22-9FFE-3BB2373B82E6}"
EndProject
Project("{2150E333-8FDC-42A3-9474-1A3956D46DE8}") = "DebuggerModules", "DebuggerModules", "{2453FEEE-A0A1-4C98-B60C-029BDE07E0F5}"
	ProjectSection(SolutionItems) = postProject
	EndProjectSection
EndProject
Project("{FAE04EC0-301F-11D3-BF4B-00C04F79EFBC}") = "DebuggerModule.Base", "Tools\DebuggerModules\DebuggerModule.Base\DebuggerModule.Base.csproj", "{740C3E5B-9765-47BB-977A-A097675D5891}"
EndProject
Project("{FAE04EC0-301F-11D3-BF4B-00C04F79EFBC}") = "DebuggerModule.Chip8", "Tools\DebuggerModules\DebuggerModule.Chip8\DebuggerModule.Chip8.csproj", "{65D31FF4-13E2-4A78-AF2E-CE0476D91D9E}"
EndProject
Project("{FAE04EC0-301F-11D3-BF4B-00C04F79EFBC}") = "ConsoleControl", "Tools\ConsoleControl\ConsoleControl.csproj", "{737CC7F2-EC7C-4800-B7EB-72637E892C42}"
EndProject
Project("{2150E333-8FDC-42A3-9474-1A3956D46DE8}") = "temp", "temp", "{FF2EE082-1CBB-4EA4-B37F-B9A0110FB95A}"
	ProjectSection(SolutionItems) = postProject
	EndProjectSection
EndProject
Project("{FAE04EC0-301F-11D3-BF4B-00C04F79EFBC}") = "ToneGenerator", "Temp\ToneGenerator\ToneGenerator.csproj", "{41C24841-2481-4F01-BE46-45B143BC6C29}"
EndProject
Project("{FAE04EC0-301F-11D3-BF4B-00C04F79EFBC}") = "SharpChip-8-wf", "Temp\example chip8\SharpChip8-wf\SharpChip-8-wf.csproj", "{276308E6-1E43-426B-B2BD-4CDFA8E880D1}"
EndProject
Project("{FAE04EC0-301F-11D3-BF4B-00C04F79EFBC}") = "SharpChip8", "Temp\example chip8\SharpChip8\SharpChip8.csproj", "{94F8717B-0C84-4C3C-B904-101F7D2383DB}"
EndProject
Project("{2150E333-8FDC-42A3-9474-1A3956D46DE8}") = "Device", "Device", "{2101E59B-78AF-4272-A373-0A2DED2A76DA}"
	ProjectSection(SolutionItems) = postProject
	EndProjectSection
EndProject
Project("{2150E333-8FDC-42A3-9474-1A3956D46DE8}") = "Input", "Input", "{12BEE742-9DD4-457E-9508-6006B336E9AC}"
	ProjectSection(SolutionItems) = postProject
	EndProjectSection
EndProject
Project("{2150E333-8FDC-42A3-9474-1A3956D46DE8}") = "Keyboard", "Keyboard", "{DB3E9A31-013A-4097-96E0-A43CAC860B56}"
	ProjectSection(SolutionItems) = postProject
	EndProjectSection
EndProject
Project("{FAE04EC0-301F-11D3-BF4B-00C04F79EFBC}") = "Keyboard.Base", "Device\Input\Keyboard\Keyboard.Base\Keyboard.Base.csproj", "{61D40706-669C-4EB0-BD78-4E0A7B8BE518}"
EndProject
Project("{FAE04EC0-301F-11D3-BF4B-00C04F79EFBC}") = "Keyboard.Chip8", "Device\Input\Keyboard\Keyboard.Chip8\Keyboard.Chip8.csproj", "{E4C46C74-C1AA-48A4-8421-3ED134843ACD}"
EndProject
Project("{FAE04EC0-301F-11D3-BF4B-00C04F79EFBC}") = "Input.Base", "Device\Input\Input.Base\Input.Base.csproj", "{30A0F6C4-A48A-4EB4-974B-684CF11B9ED7}"
EndProject
Project("{2150E333-8FDC-42A3-9474-1A3956D46DE8}") = "Output", "Output", "{F4E7CA26-9D2E-44BA-9261-BDB9254C83FA}"
	ProjectSection(SolutionItems) = postProject
	EndProjectSection
EndProject
Project("{2150E333-8FDC-42A3-9474-1A3956D46DE8}") = "IO", "IO", "{C1E43D51-2F4E-4C08-B6B3-6B9E5EAE3EAC}"
	ProjectSection(SolutionItems) = postProject
	EndProjectSection
EndProject
Project("{FAE04EC0-301F-11D3-BF4B-00C04F79EFBC}") = "Device.Base", "Device\Device.Base\Device.Base.csproj", "{CF25C8A8-281A-49B8-BECE-A9A1357F0639}"
EndProject
Project("{FAE04EC0-301F-11D3-BF4B-00C04F79EFBC}") = "Emunator", "Emunator\Emunator.csproj", "{AF85776D-7D25-4720-8BC4-FA415F55A812}"
EndProject
Project("{FAE04EC0-301F-11D3-BF4B-00C04F79EFBC}") = "Core", "Core\Core.csproj", "{943F9711-92BC-42BE-A558-C364A29E70D8}"
EndProject
Global
	GlobalSection(SolutionConfigurationPlatforms) = preSolution
		Debug|x86 = Debug|x86
		Release|x86 = Release|x86
		Debug|Any CPU = Debug|Any CPU
		Release|Any CPU = Release|Any CPU
	EndGlobalSection
	GlobalSection(ProjectConfigurationPlatforms) = postSolution
		{AF85776D-7D25-4720-8BC4-FA415F55A812}.Debug|x86.Build.0 = Debug|x86
		{AF85776D-7D25-4720-8BC4-FA415F55A812}.Debug|x86.ActiveCfg = Debug|x86
		{AF85776D-7D25-4720-8BC4-FA415F55A812}.Release|x86.Build.0 = Release|x86
		{AF85776D-7D25-4720-8BC4-FA415F55A812}.Release|x86.ActiveCfg = Release|x86
		{B9A36969-43DA-4EA5-9EC8-18955FB03B08}.Debug|x86.Build.0 = Debug|x86
		{B9A36969-43DA-4EA5-9EC8-18955FB03B08}.Debug|x86.ActiveCfg = Debug|x86
		{B9A36969-43DA-4EA5-9EC8-18955FB03B08}.Release|x86.Build.0 = Release|x86
		{B9A36969-43DA-4EA5-9EC8-18955FB03B08}.Release|x86.ActiveCfg = Release|x86
		{5FF4A9D1-D9B8-4372-80EF-0547B99FD600}.Debug|x86.Build.0 = Debug|x86
		{5FF4A9D1-D9B8-4372-80EF-0547B99FD600}.Debug|x86.ActiveCfg = Debug|x86
		{5FF4A9D1-D9B8-4372-80EF-0547B99FD600}.Release|x86.Build.0 = Release|x86
		{5FF4A9D1-D9B8-4372-80EF-0547B99FD600}.Release|x86.ActiveCfg = Release|x86
		{F45CC884-F06B-42D8-ACD9-49A84921FCFB}.Debug|x86.Build.0 = Debug|x86
		{F45CC884-F06B-42D8-ACD9-49A84921FCFB}.Debug|x86.ActiveCfg = Debug|x86
		{F45CC884-F06B-42D8-ACD9-49A84921FCFB}.Release|x86.Build.0 = Release|x86
		{F45CC884-F06B-42D8-ACD9-49A84921FCFB}.Release|x86.ActiveCfg = Release|x86
		{6861530C-932A-4E40-8E37-F45C7CAB8A61}.Debug|x86.Build.0 = Debug|x86
		{6861530C-932A-4E40-8E37-F45C7CAB8A61}.Debug|x86.ActiveCfg = Debug|x86
		{6861530C-932A-4E40-8E37-F45C7CAB8A61}.Release|x86.Build.0 = Release|x86
		{6861530C-932A-4E40-8E37-F45C7CAB8A61}.Release|x86.ActiveCfg = Release|x86
		{3C3673A3-E59E-46EC-A4C7-FC68A430EF34}.Debug|x86.Build.0 = Debug|x86
		{3C3673A3-E59E-46EC-A4C7-FC68A430EF34}.Debug|x86.ActiveCfg = Debug|x86
		{3C3673A3-E59E-46EC-A4C7-FC68A430EF34}.Debug|Any CPU.Build.0 = Debug|x86
		{3C3673A3-E59E-46EC-A4C7-FC68A430EF34}.Debug|Any CPU.ActiveCfg = Debug|x86
		{3C3673A3-E59E-46EC-A4C7-FC68A430EF34}.Release|x86.Build.0 = Release|x86
		{3C3673A3-E59E-46EC-A4C7-FC68A430EF34}.Release|x86.ActiveCfg = Release|x86
		{3C3673A3-E59E-46EC-A4C7-FC68A430EF34}.Release|Any CPU.Build.0 = Release|x86
		{3C3673A3-E59E-46EC-A4C7-FC68A430EF34}.Release|Any CPU.ActiveCfg = Release|x86
		{C23FB55A-B6F0-4575-A082-CC988E1BC20A}.Debug|x86.Build.0 = Debug|x86
		{C23FB55A-B6F0-4575-A082-CC988E1BC20A}.Debug|x86.ActiveCfg = Debug|x86
		{C23FB55A-B6F0-4575-A082-CC988E1BC20A}.Debug|Any CPU.Build.0 = Debug|x86
		{C23FB55A-B6F0-4575-A082-CC988E1BC20A}.Debug|Any CPU.ActiveCfg = Debug|x86
		{C23FB55A-B6F0-4575-A082-CC988E1BC20A}.Release|x86.Build.0 = Release|x86
		{C23FB55A-B6F0-4575-A082-CC988E1BC20A}.Release|x86.ActiveCfg = Release|x86
		{C23FB55A-B6F0-4575-A082-CC988E1BC20A}.Release|Any CPU.Build.0 = Release|x86
		{C23FB55A-B6F0-4575-A082-CC988E1BC20A}.Release|Any CPU.ActiveCfg = Release|x86
		{943F9711-92BC-42BE-A558-C364A29E70D8}.Debug|x86.Build.0 = Debug|x86
		{943F9711-92BC-42BE-A558-C364A29E70D8}.Debug|x86.ActiveCfg = Debug|x86
		{943F9711-92BC-42BE-A558-C364A29E70D8}.Debug|Any CPU.Build.0 = Debug|x86
		{943F9711-92BC-42BE-A558-C364A29E70D8}.Debug|Any CPU.ActiveCfg = Debug|x86
		{943F9711-92BC-42BE-A558-C364A29E70D8}.Release|x86.Build.0 = Release|x86
		{943F9711-92BC-42BE-A558-C364A29E70D8}.Release|x86.ActiveCfg = Release|x86
		{943F9711-92BC-42BE-A558-C364A29E70D8}.Release|Any CPU.Build.0 = Release|x86
		{943F9711-92BC-42BE-A558-C364A29E70D8}.Release|Any CPU.ActiveCfg = Release|x86
		{0C44CB2B-82F1-4759-9B71-9FA25A5E0471}.Debug|x86.Build.0 = Debug|x86
		{0C44CB2B-82F1-4759-9B71-9FA25A5E0471}.Debug|x86.ActiveCfg = Debug|x86
		{0C44CB2B-82F1-4759-9B71-9FA25A5E0471}.Debug|Any CPU.Build.0 = Debug|x86
		{0C44CB2B-82F1-4759-9B71-9FA25A5E0471}.Debug|Any CPU.ActiveCfg = Debug|x86
		{0C44CB2B-82F1-4759-9B71-9FA25A5E0471}.Release|x86.Build.0 = Release|x86
		{0C44CB2B-82F1-4759-9B71-9FA25A5E0471}.Release|x86.ActiveCfg = Release|x86
		{0C44CB2B-82F1-4759-9B71-9FA25A5E0471}.Release|Any CPU.Build.0 = Release|x86
		{0C44CB2B-82F1-4759-9B71-9FA25A5E0471}.Release|Any CPU.ActiveCfg = Release|x86
		{EF514086-7F1B-4036-91D9-BEB7F6B01424}.Debug|x86.Build.0 = Debug|x86
		{EF514086-7F1B-4036-91D9-BEB7F6B01424}.Debug|x86.ActiveCfg = Debug|x86
		{EF514086-7F1B-4036-91D9-BEB7F6B01424}.Debug|Any CPU.Build.0 = Debug|x86
		{EF514086-7F1B-4036-91D9-BEB7F6B01424}.Debug|Any CPU.ActiveCfg = Debug|x86
		{EF514086-7F1B-4036-91D9-BEB7F6B01424}.Release|x86.Build.0 = Release|x86
		{EF514086-7F1B-4036-91D9-BEB7F6B01424}.Release|x86.ActiveCfg = Release|x86
		{EF514086-7F1B-4036-91D9-BEB7F6B01424}.Release|Any CPU.Build.0 = Release|x86
		{EF514086-7F1B-4036-91D9-BEB7F6B01424}.Release|Any CPU.ActiveCfg = Release|x86
		{912701EF-767E-4E73-A4F3-128645712D27}.Debug|x86.Build.0 = Debug|x86
		{912701EF-767E-4E73-A4F3-128645712D27}.Debug|x86.ActiveCfg = Debug|x86
		{912701EF-767E-4E73-A4F3-128645712D27}.Debug|Any CPU.Build.0 = Debug|x86
		{912701EF-767E-4E73-A4F3-128645712D27}.Debug|Any CPU.ActiveCfg = Debug|x86
		{912701EF-767E-4E73-A4F3-128645712D27}.Release|x86.Build.0 = Release|x86
		{912701EF-767E-4E73-A4F3-128645712D27}.Release|x86.ActiveCfg = Release|x86
		{912701EF-767E-4E73-A4F3-128645712D27}.Release|Any CPU.Build.0 = Release|x86
		{912701EF-767E-4E73-A4F3-128645712D27}.Release|Any CPU.ActiveCfg = Release|x86
		{CDF7B856-8F30-455D-B705-287DF63CF7F7}.Debug|x86.Build.0 = Debug|x86
		{CDF7B856-8F30-455D-B705-287DF63CF7F7}.Debug|x86.ActiveCfg = Debug|x86
		{CDF7B856-8F30-455D-B705-287DF63CF7F7}.Debug|Any CPU.Build.0 = Debug|x86
		{CDF7B856-8F30-455D-B705-287DF63CF7F7}.Debug|Any CPU.ActiveCfg = Debug|x86
		{CDF7B856-8F30-455D-B705-287DF63CF7F7}.Release|x86.Build.0 = Release|x86
		{CDF7B856-8F30-455D-B705-287DF63CF7F7}.Release|x86.ActiveCfg = Release|x86
		{CDF7B856-8F30-455D-B705-287DF63CF7F7}.Release|Any CPU.Build.0 = Release|x86
		{CDF7B856-8F30-455D-B705-287DF63CF7F7}.Release|Any CPU.ActiveCfg = Release|x86
		{FF4ADB46-210E-429E-9176-68613F5CBE90}.Debug|x86.Build.0 = Debug|Any CPU
		{FF4ADB46-210E-429E-9176-68613F5CBE90}.Debug|x86.ActiveCfg = Debug|Any CPU
		{FF4ADB46-210E-429E-9176-68613F5CBE90}.Debug|Any CPU.Build.0 = Debug|Any CPU
		{FF4ADB46-210E-429E-9176-68613F5CBE90}.Debug|Any CPU.ActiveCfg = Debug|Any CPU
		{FF4ADB46-210E-429E-9176-68613F5CBE90}.Release|x86.Build.0 = Release|Any CPU
		{FF4ADB46-210E-429E-9176-68613F5CBE90}.Release|x86.ActiveCfg = Release|Any CPU
		{FF4ADB46-210E-429E-9176-68613F5CBE90}.Release|Any CPU.Build.0 = Release|Any CPU
		{FF4ADB46-210E-429E-9176-68613F5CBE90}.Release|Any CPU.ActiveCfg = Release|Any CPU
		{26C5F25F-B450-4CAF-AD8B-B8D11AE73457}.Debug|x86.Build.0 = Debug|Any CPU
		{26C5F25F-B450-4CAF-AD8B-B8D11AE73457}.Debug|x86.ActiveCfg = Debug|Any CPU
		{26C5F25F-B450-4CAF-AD8B-B8D11AE73457}.Debug|Any CPU.Build.0 = Debug|Any CPU
		{26C5F25F-B450-4CAF-AD8B-B8D11AE73457}.Debug|Any CPU.ActiveCfg = Debug|Any CPU
		{26C5F25F-B450-4CAF-AD8B-B8D11AE73457}.Release|x86.Build.0 = Release|Any CPU
		{26C5F25F-B450-4CAF-AD8B-B8D11AE73457}.Release|x86.ActiveCfg = Release|Any CPU
		{26C5F25F-B450-4CAF-AD8B-B8D11AE73457}.Release|Any CPU.Build.0 = Release|Any CPU
		{26C5F25F-B450-4CAF-AD8B-B8D11AE73457}.Release|Any CPU.ActiveCfg = Release|Any CPU
		{CF25C8A8-281A-49B8-BECE-A9A1357F0639}.Debug|x86.Build.0 = Debug|x86
		{CF25C8A8-281A-49B8-BECE-A9A1357F0639}.Debug|x86.ActiveCfg = Debug|x86
		{CF25C8A8-281A-49B8-BECE-A9A1357F0639}.Debug|Any CPU.Build.0 = Debug|x86
		{CF25C8A8-281A-49B8-BECE-A9A1357F0639}.Debug|Any CPU.ActiveCfg = Debug|x86
		{CF25C8A8-281A-49B8-BECE-A9A1357F0639}.Release|x86.Build.0 = Release|x86
		{CF25C8A8-281A-49B8-BECE-A9A1357F0639}.Release|x86.ActiveCfg = Release|x86
		{CF25C8A8-281A-49B8-BECE-A9A1357F0639}.Release|Any CPU.Build.0 = Release|x86
		{CF25C8A8-281A-49B8-BECE-A9A1357F0639}.Release|Any CPU.ActiveCfg = Release|x86
		{30A0F6C4-A48A-4EB4-974B-684CF11B9ED7}.Debug|x86.Build.0 = Debug|x86
		{30A0F6C4-A48A-4EB4-974B-684CF11B9ED7}.Debug|x86.ActiveCfg = Debug|x86
		{30A0F6C4-A48A-4EB4-974B-684CF11B9ED7}.Debug|Any CPU.Build.0 = Debug|x86
		{30A0F6C4-A48A-4EB4-974B-684CF11B9ED7}.Debug|Any CPU.ActiveCfg = Debug|x86
		{30A0F6C4-A48A-4EB4-974B-684CF11B9ED7}.Release|x86.Build.0 = Release|x86
		{30A0F6C4-A48A-4EB4-974B-684CF11B9ED7}.Release|x86.ActiveCfg = Release|x86
		{30A0F6C4-A48A-4EB4-974B-684CF11B9ED7}.Release|Any CPU.Build.0 = Release|x86
		{30A0F6C4-A48A-4EB4-974B-684CF11B9ED7}.Release|Any CPU.ActiveCfg = Release|x86
		{61D40706-669C-4EB0-BD78-4E0A7B8BE518}.Debug|x86.Build.0 = Debug|x86
		{61D40706-669C-4EB0-BD78-4E0A7B8BE518}.Debug|x86.ActiveCfg = Debug|x86
		{61D40706-669C-4EB0-BD78-4E0A7B8BE518}.Debug|Any CPU.Build.0 = Debug|x86
		{61D40706-669C-4EB0-BD78-4E0A7B8BE518}.Debug|Any CPU.ActiveCfg = Debug|x86
		{61D40706-669C-4EB0-BD78-4E0A7B8BE518}.Release|x86.Build.0 = Release|x86
		{61D40706-669C-4EB0-BD78-4E0A7B8BE518}.Release|x86.ActiveCfg = Release|x86
		{61D40706-669C-4EB0-BD78-4E0A7B8BE518}.Release|Any CPU.Build.0 = Release|x86
		{61D40706-669C-4EB0-BD78-4E0A7B8BE518}.Release|Any CPU.ActiveCfg = Release|x86
		{E4C46C74-C1AA-48A4-8421-3ED134843ACD}.Debug|x86.Build.0 = Debug|x86
		{E4C46C74-C1AA-48A4-8421-3ED134843ACD}.Debug|x86.ActiveCfg = Debug|x86
		{E4C46C74-C1AA-48A4-8421-3ED134843ACD}.Debug|Any CPU.Build.0 = Debug|x86
		{E4C46C74-C1AA-48A4-8421-3ED134843ACD}.Debug|Any CPU.ActiveCfg = Debug|x86
		{E4C46C74-C1AA-48A4-8421-3ED134843ACD}.Release|x86.Build.0 = Release|x86
		{E4C46C74-C1AA-48A4-8421-3ED134843ACD}.Release|x86.ActiveCfg = Release|x86
		{E4C46C74-C1AA-48A4-8421-3ED134843ACD}.Release|Any CPU.Build.0 = Release|x86
		{E4C46C74-C1AA-48A4-8421-3ED134843ACD}.Release|Any CPU.ActiveCfg = Release|x86
		{E36DE0D1-C73B-4B22-9FFE-3BB2373B82E6}.Debug|x86.Build.0 = Debug|x86
		{E36DE0D1-C73B-4B22-9FFE-3BB2373B82E6}.Debug|x86.ActiveCfg = Debug|x86
		{E36DE0D1-C73B-4B22-9FFE-3BB2373B82E6}.Debug|Any CPU.Build.0 = Debug|x86
		{E36DE0D1-C73B-4B22-9FFE-3BB2373B82E6}.Debug|Any CPU.ActiveCfg = Debug|x86
		{E36DE0D1-C73B-4B22-9FFE-3BB2373B82E6}.Release|x86.Build.0 = Release|x86
		{E36DE0D1-C73B-4B22-9FFE-3BB2373B82E6}.Release|x86.ActiveCfg = Release|x86
		{E36DE0D1-C73B-4B22-9FFE-3BB2373B82E6}.Release|Any CPU.Build.0 = Release|x86
		{E36DE0D1-C73B-4B22-9FFE-3BB2373B82E6}.Release|Any CPU.ActiveCfg = Release|x86
		{740C3E5B-9765-47BB-977A-A097675D5891}.Debug|x86.Build.0 = Debug|x86
		{740C3E5B-9765-47BB-977A-A097675D5891}.Debug|x86.ActiveCfg = Debug|x86
		{740C3E5B-9765-47BB-977A-A097675D5891}.Debug|Any CPU.Build.0 = Debug|x86
		{740C3E5B-9765-47BB-977A-A097675D5891}.Debug|Any CPU.ActiveCfg = Debug|x86
		{740C3E5B-9765-47BB-977A-A097675D5891}.Release|x86.Build.0 = Release|x86
		{740C3E5B-9765-47BB-977A-A097675D5891}.Release|x86.ActiveCfg = Release|x86
		{740C3E5B-9765-47BB-977A-A097675D5891}.Release|Any CPU.Build.0 = Release|x86
		{740C3E5B-9765-47BB-977A-A097675D5891}.Release|Any CPU.ActiveCfg = Release|x86
		{65D31FF4-13E2-4A78-AF2E-CE0476D91D9E}.Debug|x86.Build.0 = Debug|x86
		{65D31FF4-13E2-4A78-AF2E-CE0476D91D9E}.Debug|x86.ActiveCfg = Debug|x86
		{65D31FF4-13E2-4A78-AF2E-CE0476D91D9E}.Debug|Any CPU.Build.0 = Debug|x86
		{65D31FF4-13E2-4A78-AF2E-CE0476D91D9E}.Debug|Any CPU.ActiveCfg = Debug|x86
		{65D31FF4-13E2-4A78-AF2E-CE0476D91D9E}.Release|x86.Build.0 = Release|x86
		{65D31FF4-13E2-4A78-AF2E-CE0476D91D9E}.Release|x86.ActiveCfg = Release|x86
		{65D31FF4-13E2-4A78-AF2E-CE0476D91D9E}.Release|Any CPU.Build.0 = Release|x86
		{65D31FF4-13E2-4A78-AF2E-CE0476D91D9E}.Release|Any CPU.ActiveCfg = Release|x86
		{737CC7F2-EC7C-4800-B7EB-72637E892C42}.Debug|x86.Build.0 = Debug|Any CPU
		{737CC7F2-EC7C-4800-B7EB-72637E892C42}.Debug|x86.ActiveCfg = Debug|Any CPU
		{737CC7F2-EC7C-4800-B7EB-72637E892C42}.Debug|Any CPU.Build.0 = Debug|Any CPU
		{737CC7F2-EC7C-4800-B7EB-72637E892C42}.Debug|Any CPU.ActiveCfg = Debug|Any CPU
		{737CC7F2-EC7C-4800-B7EB-72637E892C42}.Release|x86.Build.0 = Release|Any CPU
		{737CC7F2-EC7C-4800-B7EB-72637E892C42}.Release|x86.ActiveCfg = Release|Any CPU
		{737CC7F2-EC7C-4800-B7EB-72637E892C42}.Release|Any CPU.Build.0 = Release|Any CPU
		{737CC7F2-EC7C-4800-B7EB-72637E892C42}.Release|Any CPU.ActiveCfg = Release|Any CPU
		{4D7293B3-327A-4240-8960-E8A7DECB2F4B}.Debug|x86.Build.0 = Debug|x86
		{4D7293B3-327A-4240-8960-E8A7DECB2F4B}.Debug|x86.ActiveCfg = Debug|x86
		{4D7293B3-327A-4240-8960-E8A7DECB2F4B}.Debug|Any CPU.Build.0 = Debug|x86
		{4D7293B3-327A-4240-8960-E8A7DECB2F4B}.Debug|Any CPU.ActiveCfg = Debug|x86
		{4D7293B3-327A-4240-8960-E8A7DECB2F4B}.Release|x86.Build.0 = Release|x86
		{4D7293B3-327A-4240-8960-E8A7DECB2F4B}.Release|x86.ActiveCfg = Release|x86
		{4D7293B3-327A-4240-8960-E8A7DECB2F4B}.Release|Any CPU.Build.0 = Release|x86
		{4D7293B3-327A-4240-8960-E8A7DECB2F4B}.Release|Any CPU.ActiveCfg = Release|x86
		{41C24841-2481-4F01-BE46-45B143BC6C29}.Debug|x86.Build.0 = Debug|Any CPU
		{41C24841-2481-4F01-BE46-45B143BC6C29}.Debug|x86.ActiveCfg = Debug|Any CPU
		{41C24841-2481-4F01-BE46-45B143BC6C29}.Debug|Any CPU.Build.0 = Debug|Any CPU
		{41C24841-2481-4F01-BE46-45B143BC6C29}.Debug|Any CPU.ActiveCfg = Debug|Any CPU
		{41C24841-2481-4F01-BE46-45B143BC6C29}.Release|x86.Build.0 = Release|Any CPU
		{41C24841-2481-4F01-BE46-45B143BC6C29}.Release|x86.ActiveCfg = Release|Any CPU
		{41C24841-2481-4F01-BE46-45B143BC6C29}.Release|Any CPU.Build.0 = Release|Any CPU
		{41C24841-2481-4F01-BE46-45B143BC6C29}.Release|Any CPU.ActiveCfg = Release|Any CPU
		{276308E6-1E43-426B-B2BD-4CDFA8E880D1}.Debug|x86.Build.0 = Debug|x86
		{276308E6-1E43-426B-B2BD-4CDFA8E880D1}.Debug|x86.ActiveCfg = Debug|x86
		{276308E6-1E43-426B-B2BD-4CDFA8E880D1}.Debug|Any CPU.Build.0 = Debug|x86
		{276308E6-1E43-426B-B2BD-4CDFA8E880D1}.Debug|Any CPU.ActiveCfg = Debug|x86
		{276308E6-1E43-426B-B2BD-4CDFA8E880D1}.Release|x86.Build.0 = Release|x86
		{276308E6-1E43-426B-B2BD-4CDFA8E880D1}.Release|x86.ActiveCfg = Release|x86
		{276308E6-1E43-426B-B2BD-4CDFA8E880D1}.Release|Any CPU.Build.0 = Release|x86
		{276308E6-1E43-426B-B2BD-4CDFA8E880D1}.Release|Any CPU.ActiveCfg = Release|x86
		{94F8717B-0C84-4C3C-B904-101F7D2383DB}.Debug|x86.Build.0 = Debug|Any CPU
		{94F8717B-0C84-4C3C-B904-101F7D2383DB}.Debug|x86.ActiveCfg = Debug|Any CPU
		{94F8717B-0C84-4C3C-B904-101F7D2383DB}.Debug|Any CPU.Build.0 = Debug|Any CPU
		{94F8717B-0C84-4C3C-B904-101F7D2383DB}.Debug|Any CPU.ActiveCfg = Debug|Any CPU
		{94F8717B-0C84-4C3C-B904-101F7D2383DB}.Release|x86.Build.0 = Release|Any CPU
		{94F8717B-0C84-4C3C-B904-101F7D2383DB}.Release|x86.ActiveCfg = Release|Any CPU
		{94F8717B-0C84-4C3C-B904-101F7D2383DB}.Release|Any CPU.Build.0 = Release|Any CPU
		{94F8717B-0C84-4C3C-B904-101F7D2383DB}.Release|Any CPU.ActiveCfg = Release|Any CPU
	EndGlobalSection
	GlobalSection(NestedProjects) = preSolution
		{B9A36969-43DA-4EA5-9EC8-18955FB03B08} = {24C4AFAC-39A5-47B6-9E0A-41703265DFAC}
		{5FF4A9D1-D9B8-4372-80EF-0547B99FD600} = {24C4AFAC-39A5-47B6-9E0A-41703265DFAC}
		{4D7293B3-327A-4240-8960-E8A7DECB2F4B} = {24C4AFAC-39A5-47B6-9E0A-41703265DFAC}
		{F45CC884-F06B-42D8-ACD9-49A84921FCFB} = {B44799CF-C5F4-489C-B528-C73B4D9D7FC6}
		{0C44CB2B-82F1-4759-9B71-9FA25A5E0471} = {B44799CF-C5F4-489C-B528-C73B4D9D7FC6}
		{6861530C-932A-4E40-8E37-F45C7CAB8A61} = {C970A632-E906-4D5A-ACF6-CD6D1C464E8B}
		{EF514086-7F1B-4036-91D9-BEB7F6B01424} = {C970A632-E906-4D5A-ACF6-CD6D1C464E8B}
		{3C3673A3-E59E-46EC-A4C7-FC68A430EF34} = {85D4624C-54C1-4025-A290-4AF449F71DB5}
		{C23FB55A-B6F0-4575-A082-CC988E1BC20A} = {85D4624C-54C1-4025-A290-4AF449F71DB5}
		{912701EF-767E-4E73-A4F3-128645712D27} = {3A1A5510-99AE-438D-A91C-9124C287E8A2}
		{CDF7B856-8F30-455D-B705-287DF63CF7F7} = {3A1A5510-99AE-438D-A91C-9124C287E8A2}
		{90110DC5-006E-4E10-9A67-0483D0742102} = {1BC3C15D-4019-403A-976C-AB417B72A924}
		{E36DE0D1-C73B-4B22-9FFE-3BB2373B82E6} = {1BC3C15D-4019-403A-976C-AB417B72A924}
		{2453FEEE-A0A1-4C98-B60C-029BDE07E0F5} = {1BC3C15D-4019-403A-976C-AB417B72A924}
		{737CC7F2-EC7C-4800-B7EB-72637E892C42} = {1BC3C15D-4019-403A-976C-AB417B72A924}
		{FF4ADB46-210E-429E-9176-68613F5CBE90} = {90110DC5-006E-4E10-9A67-0483D0742102}
		{26C5F25F-B450-4CAF-AD8B-B8D11AE73457} = {90110DC5-006E-4E10-9A67-0483D0742102}
		{740C3E5B-9765-47BB-977A-A097675D5891} = {2453FEEE-A0A1-4C98-B60C-029BDE07E0F5}
		{65D31FF4-13E2-4A78-AF2E-CE0476D91D9E} = {2453FEEE-A0A1-4C98-B60C-029BDE07E0F5}
		{41C24841-2481-4F01-BE46-45B143BC6C29} = {FF2EE082-1CBB-4EA4-B37F-B9A0110FB95A}
		{276308E6-1E43-426B-B2BD-4CDFA8E880D1} = {FF2EE082-1CBB-4EA4-B37F-B9A0110FB95A}
		{94F8717B-0C84-4C3C-B904-101F7D2383DB} = {FF2EE082-1CBB-4EA4-B37F-B9A0110FB95A}
		{12BEE742-9DD4-457E-9508-6006B336E9AC} = {2101E59B-78AF-4272-A373-0A2DED2A76DA}
		{F4E7CA26-9D2E-44BA-9261-BDB9254C83FA} = {2101E59B-78AF-4272-A373-0A2DED2A76DA}
		{C1E43D51-2F4E-4C08-B6B3-6B9E5EAE3EAC} = {2101E59B-78AF-4272-A373-0A2DED2A76DA}
		{CF25C8A8-281A-49B8-BECE-A9A1357F0639} = {2101E59B-78AF-4272-A373-0A2DED2A76DA}
		{DB3E9A31-013A-4097-96E0-A43CAC860B56} = {12BEE742-9DD4-457E-9508-6006B336E9AC}
		{30A0F6C4-A48A-4EB4-974B-684CF11B9ED7} = {12BEE742-9DD4-457E-9508-6006B336E9AC}
		{61D40706-669C-4EB0-BD78-4E0A7B8BE518} = {DB3E9A31-013A-4097-96E0-A43CAC860B56}
		{E4C46C74-C1AA-48A4-8421-3ED134843ACD} = {DB3E9A31-013A-4097-96E0-A43CAC860B56}
	EndGlobalSection
EndGlobal
