
Microsoft Visual Studio Solution File, Format Version 11.00
# Visual Studio 2010
# SharpDevelop 4.2.2.8818
Project("{FAE04EC0-301F-11D3-BF4B-00C04F79EFBC}") = "SdlDotNetExamples", "SdlDotNetExamples.csproj", "{F6147BF0-9807-4CD9-832E-AD42FC833288}"
EndProject
Global
	GlobalSection(SolutionConfigurationPlatforms) = preSolution
		Debug|Any CPU = Debug|Any CPU
		Release|Any CPU = Release|Any CPU
		Debug|Any CPU = Debug|Any CPU
		Release|Any CPU = Release|Any CPU
	EndGlobalSection
	GlobalSection(ProjectConfigurationPlatforms) = postSolution
		{F6147BF0-9807-4CD9-832E-AD42FC833288}.Debug|Any CPU.Build.0 = Debug|Any CPU
		{F6147BF0-9807-4CD9-832E-AD42FC833288}.Debug|Any CPU.ActiveCfg = Debug|Any CPU
		{F6147BF0-9807-4CD9-832E-AD42FC833288}.Release|Any CPU.Build.0 = Release|Any CPU
		{F6147BF0-9807-4CD9-832E-AD42FC833288}.Release|Any CPU.ActiveCfg = Release|Any CPU
	EndGlobalSection
EndGlobal
